
Microsoft Visual Studio Solution File, Format Version 12.00
# Visual Studio Version 17
VisualStudioVersion = 17.6.33829.357
MinimumVisualStudioVersion = 10.0.40219.1
Project("{FAE04EC0-301F-11D3-BF4B-00C04F79EFBC}") = "KHRandomPlayer", "KHRandomPlayer.csproj", "{6C83BBDB-49EB-4144-9291-A2D5FBB6B3C4}"
EndProject
Global
	GlobalSection(SolutionConfigurationPlatforms) = preSolution
		Debug|Any CPU = Debug|Any CPU
		Release|Any CPU = Release|Any CPU
	EndGlobalSection
	GlobalSection(ProjectConfigurationPlatforms) = postSolution
		{6C83BBDB-49EB-4144-9291-A2D5FBB6B3C4}.Debug|Any CPU.ActiveCfg = Debug|Any CPU
		{6C83BBDB-49EB-4144-9291-A2D5FBB6B3C4}.Debug|Any CPU.Build.0 = Debug|Any CPU
		{6C83BBDB-49EB-4144-9291-A2D5FBB6B3C4}.Release|Any CPU.ActiveCfg = Release|Any CPU
		{6C83BBDB-49EB-4144-9291-A2D5FBB6B3C4}.Release|Any CPU.Build.0 = Release|Any CPU
	EndGlobalSection
	GlobalSection(SolutionProperties) = preSolution
		HideSolutionNode = FALSE
	EndGlobalSection
	GlobalSection(ExtensibilityGlobals) = postSolution
		SolutionGuid = {FB809531-8042-423D-B3CF-613A821A84A9}
	EndGlobalSection
EndGlobal
